# THIS IS AN AUTOGENERATED FILE. DO NOT EDIT THIS FILE DIRECTLY.
# yarn lockfile v1


rollup-library-tut@^1.7.0:
  version "1.7.0"
  resolved "https://registry.yarnpkg.com/rollup-library-tut/-/rollup-library-tut-1.7.0.tgz#6e9dc3d344241bb0bc48aea65b3ae3fcad1cf892"
  integrity sha512-1V+GdPilGgNb3cZbq1/02F3AZiHKS7ujfcFTRL2l6JeUGR3Ifn6rDbGNWnClnzOKrp/u74VKhDFdeBE/AImBPA==
