# THIS IS AN AUTOGENERATED FILE. DO NOT EDIT THIS FILE DIRECTLY.
# yarn lockfile v1


"@babel/runtime-corejs3@^7.20.1":
  version "7.20.1"
  resolved "https://registry.yarnpkg.com/@babel/runtime-corejs3/-/runtime-corejs3-7.20.1.tgz#d0775a49bb5fba77e42cbb7276c9955c7b05af8d"
  integrity sha512-CGulbEDcg/ND1Im7fUNRZdGXmX2MTWVVZacQi/6DiKE5HNwZ3aVTm5PV4lO8HHz0B2h8WQyvKKjbX5XgTtydsg==
  dependencies:
    core-js-pure "^3.25.1"
    regenerator-runtime "^0.13.10"

core-js-pure@^3.25.1:
  version "3.26.0"
  resolved "https://registry.yarnpkg.com/core-js-pure/-/core-js-pure-3.26.0.tgz#7ad8a5dd7d910756f3124374b50026e23265ca9a"
  integrity sha512-LiN6fylpVBVwT8twhhluD9TzXmZQQsr2I2eIKtWNbZI1XMfBT7CV18itaN6RA7EtQd/SDdRx/wzvAShX2HvhQA==

regenerator-runtime@^0.13.10:
  version "0.13.10"
  resolved "https://registry.yarnpkg.com/regenerator-runtime/-/regenerator-runtime-0.13.10.tgz#ed07b19616bcbec5da6274ebc75ae95634bfc2ee"
  integrity sha512-KepLsg4dU12hryUO7bp/axHAKvwGOCV0sGloQtpagJ12ai+ojVDqkeGSiRX1zlq+kjIMZ1t7gpze+26QqtdGqw==

rollup-library-tut-babel@^1.0.0:
  version "1.0.0"
  resolved "https://registry.yarnpkg.com/rollup-library-tut-babel/-/rollup-library-tut-babel-1.0.0.tgz#1ade754d3a1a59926b76ab8fd792a2ba35e90032"
  integrity sha512-WpbxToEt36X+EVYVRM6+HEobDcyvupixAZuOYhN+EPjO7a5LGoaqFsjS0HNS2IXbHVsrJiLi6aXsJVKCRC27nA==
  dependencies:
    "@babel/runtime-corejs3" "^7.20.1"

rollup-library-tut@^1.7.0:
  version "1.7.0"
  resolved "https://registry.yarnpkg.com/rollup-library-tut/-/rollup-library-tut-1.7.0.tgz#6e9dc3d344241bb0bc48aea65b3ae3fcad1cf892"
  integrity sha512-1V+GdPilGgNb3cZbq1/02F3AZiHKS7ujfcFTRL2l6JeUGR3Ifn6rDbGNWnClnzOKrp/u74VKhDFdeBE/AImBPA==
